
Microsoft Visual Studio Solution File, Format Version 12.00
# Visual Studio 15
VisualStudioVersion = 15.0.27130.2010
MinimumVisualStudioVersion = 10.0.40219.1
Project("{FAE04EC0-301F-11D3-BF4B-00C04F79EFBC}") = "StuffApp", "StuffApp\StuffApp.csproj", "{3806D835-85A8-441B-AB19-1B6D85AAB22B}"
EndProject
Global
	GlobalSection(SolutionConfigurationPlatforms) = preSolution
		Debug|Any CPU = Debug|Any CPU
		Release|Any CPU = Release|Any CPU
	EndGlobalSection
	GlobalSection(ProjectConfigurationPlatforms) = postSolution
		{3806D835-85A8-441B-AB19-1B6D85AAB22B}.Debug|Any CPU.ActiveCfg = Debug|Any CPU
		{3806D835-85A8-441B-AB19-1B6D85AAB22B}.Debug|Any CPU.Build.0 = Debug|Any CPU
		{3806D835-85A8-441B-AB19-1B6D85AAB22B}.Release|Any CPU.ActiveCfg = Release|Any CPU
		{3806D835-85A8-441B-AB19-1B6D85AAB22B}.Release|Any CPU.Build.0 = Release|Any CPU
	EndGlobalSection
	GlobalSection(SolutionProperties) = preSolution
		HideSolutionNode = FALSE
	EndGlobalSection
	GlobalSection(ExtensibilityGlobals) = postSolution
		SolutionGuid = {8AB37123-95C4-4757-B929-B6CEB07E0006}
	EndGlobalSection
EndGlobal
